// !$*UTF8*$!
{
	archiveVersion = 1;
	classes = {
	};
	objectVersion = 56;
	objects = {

/* Begin PBXBuildFile section */
		7413CCF628FE8A0100E899B1 /* NetworkManager.swift in Sources */ = {isa = PBXBuildFile; fileRef = 7413CCF528FE8A0100E899B1 /* NetworkManager.swift */; };
		7413CCF828FE8B2E00E899B1 /* MAErrorType.swift in Sources */ = {isa = PBXBuildFile; fileRef = 7413CCF728FE8B2E00E899B1 /* MAErrorType.swift */; };
		7413CCFC28FEA37300E899B1 /* OMDbEndpoint.swift in Sources */ = {isa = PBXBuildFile; fileRef = 7413CCFB28FEA37300E899B1 /* OMDbEndpoint.swift */; };
		7413CCFE28FEAE6300E899B1 /* MovieResultModel.swift in Sources */ = {isa = PBXBuildFile; fileRef = 7413CCFD28FEAE6300E899B1 /* MovieResultModel.swift */; };
		7413CD0028FEB09D00E899B1 /* Int+Extension.swift in Sources */ = {isa = PBXBuildFile; fileRef = 7413CCFF28FEB09D00E899B1 /* Int+Extension.swift */; };
		7413CD0528FEC66800E899B1 /* MovieDetailModel.swift in Sources */ = {isa = PBXBuildFile; fileRef = 7413CD0428FEC66800E899B1 /* MovieDetailModel.swift */; };
		7413CD0728FECE1E00E899B1 /* MovieModel.swift in Sources */ = {isa = PBXBuildFile; fileRef = 7413CD0628FECE1E00E899B1 /* MovieModel.swift */; };
		7413CD0928FECE8800E899B1 /* FirebaseManager.swift in Sources */ = {isa = PBXBuildFile; fileRef = 7413CD0828FECE8800E899B1 /* FirebaseManager.swift */; };
		747DB2A02900173D002E658B /* MASearchBar.swift in Sources */ = {isa = PBXBuildFile; fileRef = 747DB29F2900173D002E658B /* MASearchBar.swift */; };
		74B2FC1428FD895100A55BB7 /* AppDelegate.swift in Sources */ = {isa = PBXBuildFile; fileRef = 74B2FC1328FD895100A55BB7 /* AppDelegate.swift */; };
		74B2FC1628FD895100A55BB7 /* SceneDelegate.swift in Sources */ = {isa = PBXBuildFile; fileRef = 74B2FC1528FD895100A55BB7 /* SceneDelegate.swift */; };
		74B2FC1D28FD895300A55BB7 /* Assets.xcassets in Resources */ = {isa = PBXBuildFile; fileRef = 74B2FC1C28FD895300A55BB7 /* Assets.xcassets */; };
		74B2FC2E28FD8D5A00A55BB7 /* SplashVC.swift in Sources */ = {isa = PBXBuildFile; fileRef = 74B2FC2D28FD8D5A00A55BB7 /* SplashVC.swift */; };
		74B2FC3028FD8FB800A55BB7 /* GoogleService-Info.plist in Resources */ = {isa = PBXBuildFile; fileRef = 74B2FC2F28FD8FB800A55BB7 /* GoogleService-Info.plist */; };
		74B2FC3328FD91EB00A55BB7 /* FirebaseAnalytics in Frameworks */ = {isa = PBXBuildFile; productRef = 74B2FC3228FD91EB00A55BB7 /* FirebaseAnalytics */; };
		74B2FC3528FD91EB00A55BB7 /* FirebaseCrashlytics in Frameworks */ = {isa = PBXBuildFile; productRef = 74B2FC3428FD91EB00A55BB7 /* FirebaseCrashlytics */; };
		74B2FC3728FD91EB00A55BB7 /* FirebaseRemoteConfig in Frameworks */ = {isa = PBXBuildFile; productRef = 74B2FC3628FD91EB00A55BB7 /* FirebaseRemoteConfig */; };
		74B2FC3928FD91EB00A55BB7 /* FirebaseRemoteConfigSwift in Frameworks */ = {isa = PBXBuildFile; productRef = 74B2FC3828FD91EB00A55BB7 /* FirebaseRemoteConfigSwift */; };
		74B2FC3D28FD9AA500A55BB7 /* MATitleLabel.swift in Sources */ = {isa = PBXBuildFile; fileRef = 74B2FC3C28FD9AA400A55BB7 /* MATitleLabel.swift */; };
		74B2FC4128FDA9B100A55BB7 /* NetworkMonitor.swift in Sources */ = {isa = PBXBuildFile; fileRef = 74B2FC4028FDA9B100A55BB7 /* NetworkMonitor.swift */; };
		74B2FC4328FDB8A300A55BB7 /* UIViewController+Extension.swift in Sources */ = {isa = PBXBuildFile; fileRef = 74B2FC4228FDB8A300A55BB7 /* UIViewController+Extension.swift */; };
		74B2FC5128FDEF1500A55BB7 /* Constants.swift in Sources */ = {isa = PBXBuildFile; fileRef = 74B2FC5028FDEF1500A55BB7 /* Constants.swift */; };
		74B2FC5728FDEF3900A55BB7 /* Localizable.strings in Resources */ = {isa = PBXBuildFile; fileRef = 74B2FC5628FDEF2A00A55BB7 /* Localizable.strings */; };
		74B2FC5C28FDEFE900A55BB7 /* String+Extension.swift in Sources */ = {isa = PBXBuildFile; fileRef = 74B2FC5B28FDEFE900A55BB7 /* String+Extension.swift */; };
		74B2FC5F28FDF1CE00A55BB7 /* SearchVC.swift in Sources */ = {isa = PBXBuildFile; fileRef = 74B2FC5E28FDF1CE00A55BB7 /* SearchVC.swift */; };
		74B2FC6328FDF69800A55BB7 /* MAButton.swift in Sources */ = {isa = PBXBuildFile; fileRef = 74B2FC6228FDF69800A55BB7 /* MAButton.swift */; };
/* End PBXBuildFile section */

/* Begin PBXFileReference section */
		7413CCF528FE8A0100E899B1 /* NetworkManager.swift */ = {isa = PBXFileReference; lastKnownFileType = sourcecode.swift; path = NetworkManager.swift; sourceTree = "<group>"; };
		7413CCF728FE8B2E00E899B1 /* MAErrorType.swift */ = {isa = PBXFileReference; lastKnownFileType = sourcecode.swift; path = MAErrorType.swift; sourceTree = "<group>"; };
		7413CCFB28FEA37300E899B1 /* OMDbEndpoint.swift */ = {isa = PBXFileReference; lastKnownFileType = sourcecode.swift; path = OMDbEndpoint.swift; sourceTree = "<group>"; };
		7413CCFD28FEAE6300E899B1 /* MovieResultModel.swift */ = {isa = PBXFileReference; lastKnownFileType = sourcecode.swift; path = MovieResultModel.swift; sourceTree = "<group>"; };
		7413CCFF28FEB09D00E899B1 /* Int+Extension.swift */ = {isa = PBXFileReference; lastKnownFileType = sourcecode.swift; path = "Int+Extension.swift"; sourceTree = "<group>"; };
		7413CD0428FEC66800E899B1 /* MovieDetailModel.swift */ = {isa = PBXFileReference; lastKnownFileType = sourcecode.swift; path = MovieDetailModel.swift; sourceTree = "<group>"; };
		7413CD0628FECE1E00E899B1 /* MovieModel.swift */ = {isa = PBXFileReference; lastKnownFileType = sourcecode.swift; path = MovieModel.swift; sourceTree = "<group>"; };
		7413CD0828FECE8800E899B1 /* FirebaseManager.swift */ = {isa = PBXFileReference; lastKnownFileType = sourcecode.swift; path = FirebaseManager.swift; sourceTree = "<group>"; };
		747DB29F2900173D002E658B /* MASearchBar.swift */ = {isa = PBXFileReference; lastKnownFileType = sourcecode.swift; path = MASearchBar.swift; sourceTree = "<group>"; };
		74B2FC1028FD895100A55BB7 /* MovieApp.app */ = {isa = PBXFileReference; explicitFileType = wrapper.application; includeInIndex = 0; path = MovieApp.app; sourceTree = BUILT_PRODUCTS_DIR; };
		74B2FC1328FD895100A55BB7 /* AppDelegate.swift */ = {isa = PBXFileReference; lastKnownFileType = sourcecode.swift; path = AppDelegate.swift; sourceTree = "<group>"; };
		74B2FC1528FD895100A55BB7 /* SceneDelegate.swift */ = {isa = PBXFileReference; lastKnownFileType = sourcecode.swift; path = SceneDelegate.swift; sourceTree = "<group>"; };
		74B2FC1C28FD895300A55BB7 /* Assets.xcassets */ = {isa = PBXFileReference; lastKnownFileType = folder.assetcatalog; path = Assets.xcassets; sourceTree = "<group>"; };
		74B2FC2128FD895300A55BB7 /* Info.plist */ = {isa = PBXFileReference; lastKnownFileType = text.plist.xml; path = Info.plist; sourceTree = "<group>"; };
		74B2FC2D28FD8D5A00A55BB7 /* SplashVC.swift */ = {isa = PBXFileReference; lastKnownFileType = sourcecode.swift; path = SplashVC.swift; sourceTree = "<group>"; };
		74B2FC2F28FD8FB800A55BB7 /* GoogleService-Info.plist */ = {isa = PBXFileReference; fileEncoding = 4; lastKnownFileType = text.plist.xml; path = "GoogleService-Info.plist"; sourceTree = "<group>"; };
		74B2FC3C28FD9AA400A55BB7 /* MATitleLabel.swift */ = {isa = PBXFileReference; lastKnownFileType = sourcecode.swift; path = MATitleLabel.swift; sourceTree = "<group>"; };
		74B2FC4028FDA9B100A55BB7 /* NetworkMonitor.swift */ = {isa = PBXFileReference; lastKnownFileType = sourcecode.swift; path = NetworkMonitor.swift; sourceTree = "<group>"; };
		74B2FC4228FDB8A300A55BB7 /* UIViewController+Extension.swift */ = {isa = PBXFileReference; lastKnownFileType = sourcecode.swift; path = "UIViewController+Extension.swift"; sourceTree = "<group>"; };
		74B2FC5028FDEF1500A55BB7 /* Constants.swift */ = {isa = PBXFileReference; lastKnownFileType = sourcecode.swift; path = Constants.swift; sourceTree = "<group>"; };
		74B2FC5528FDEF2A00A55BB7 /* en */ = {isa = PBXFileReference; lastKnownFileType = text.plist.strings; name = en; path = en.lproj/Localizable.strings; sourceTree = "<group>"; };
		74B2FC5A28FDEF6500A55BB7 /* tr */ = {isa = PBXFileReference; lastKnownFileType = text.plist.strings; name = tr; path = tr.lproj/Localizable.strings; sourceTree = "<group>"; };
		74B2FC5B28FDEFE900A55BB7 /* String+Extension.swift */ = {isa = PBXFileReference; lastKnownFileType = sourcecode.swift; path = "String+Extension.swift"; sourceTree = "<group>"; };
		74B2FC5E28FDF1CE00A55BB7 /* SearchVC.swift */ = {isa = PBXFileReference; lastKnownFileType = sourcecode.swift; path = SearchVC.swift; sourceTree = "<group>"; };
		74B2FC6228FDF69800A55BB7 /* MAButton.swift */ = {isa = PBXFileReference; lastKnownFileType = sourcecode.swift; path = MAButton.swift; sourceTree = "<group>"; };
/* End PBXFileReference section */

/* Begin PBXFrameworksBuildPhase section */
		74B2FC0D28FD895100A55BB7 /* Frameworks */ = {
			isa = PBXFrameworksBuildPhase;
			buildActionMask = 2147483647;
			files = (
				74B2FC3728FD91EB00A55BB7 /* FirebaseRemoteConfig in Frameworks */,
				74B2FC3928FD91EB00A55BB7 /* FirebaseRemoteConfigSwift in Frameworks */,
				74B2FC3328FD91EB00A55BB7 /* FirebaseAnalytics in Frameworks */,
				74B2FC3528FD91EB00A55BB7 /* FirebaseCrashlytics in Frameworks */,
			);
			runOnlyForDeploymentPostprocessing = 0;
		};
/* End PBXFrameworksBuildPhase section */

/* Begin PBXGroup section */
		7413CCF928FE91D200E899B1 /* Managers */ = {
			isa = PBXGroup;
			children = (
				7413CCF528FE8A0100E899B1 /* NetworkManager.swift */,
				7413CD0828FECE8800E899B1 /* FirebaseManager.swift */,
			);
			path = Managers;
			sourceTree = "<group>";
		};
		7413CCFA28FE91DF00E899B1 /* Enums */ = {
			isa = PBXGroup;
			children = (
				7413CCF728FE8B2E00E899B1 /* MAErrorType.swift */,
				7413CCFB28FEA37300E899B1 /* OMDbEndpoint.swift */,
			);
			path = Enums;
			sourceTree = "<group>";
		};
		7413CD0128FEB6BC00E899B1 /* Model */ = {
			isa = PBXGroup;
			children = (
				7413CCFD28FEAE6300E899B1 /* MovieResultModel.swift */,
				7413CD0428FEC66800E899B1 /* MovieDetailModel.swift */,
				7413CD0628FECE1E00E899B1 /* MovieModel.swift */,
			);
			path = Model;
			sourceTree = "<group>";
		};
		74B2FC0728FD895100A55BB7 = {
			isa = PBXGroup;
			children = (
				74B2FC1228FD895100A55BB7 /* MovieApp */,
				74B2FC1128FD895100A55BB7 /* Products */,
			);
			sourceTree = "<group>";
		};
		74B2FC1128FD895100A55BB7 /* Products */ = {
			isa = PBXGroup;
			children = (
				74B2FC1028FD895100A55BB7 /* MovieApp.app */,
			);
			name = Products;
			sourceTree = "<group>";
		};
		74B2FC1228FD895100A55BB7 /* MovieApp */ = {
			isa = PBXGroup;
			children = (
				74B2FC2128FD895300A55BB7 /* Info.plist */,
				74B2FC2F28FD8FB800A55BB7 /* GoogleService-Info.plist */,
				74B2FC2928FD8CBE00A55BB7 /* Base */,
				74B2FC4D28FDEEB800A55BB7 /* Utilities */,
				74B2FC4B28FDEE9F00A55BB7 /* Service */,
				74B2FC4928FDEE8900A55BB7 /* Scenes */,
				74B2FC4828FDEE8000A55BB7 /* CustomViews */,
				74B2FC2A28FD8CDD00A55BB7 /* Support */,
			);
			path = MovieApp;
			sourceTree = "<group>";
		};
		74B2FC2928FD8CBE00A55BB7 /* Base */ = {
			isa = PBXGroup;
			children = (
				74B2FC1328FD895100A55BB7 /* AppDelegate.swift */,
				74B2FC1528FD895100A55BB7 /* SceneDelegate.swift */,
			);
			path = Base;
			sourceTree = "<group>";
		};
		74B2FC2A28FD8CDD00A55BB7 /* Support */ = {
			isa = PBXGroup;
			children = (
				74B2FC1C28FD895300A55BB7 /* Assets.xcassets */,
			);
			path = Support;
			sourceTree = "<group>";
		};
		74B2FC4828FDEE8000A55BB7 /* CustomViews */ = {
			isa = PBXGroup;
			children = (
				74B2FC3C28FD9AA400A55BB7 /* MATitleLabel.swift */,
				74B2FC6228FDF69800A55BB7 /* MAButton.swift */,
				747DB29F2900173D002E658B /* MASearchBar.swift */,
			);
			path = CustomViews;
			sourceTree = "<group>";
		};
		74B2FC4928FDEE8900A55BB7 /* Scenes */ = {
			isa = PBXGroup;
			children = (
				74B2FC5D28FDF1BB00A55BB7 /* SearchVC */,
				74B2FC4A28FDEE9100A55BB7 /* SplashScreen */,
			);
			path = Scenes;
			sourceTree = "<group>";
		};
		74B2FC4A28FDEE9100A55BB7 /* SplashScreen */ = {
			isa = PBXGroup;
			children = (
				74B2FC2D28FD8D5A00A55BB7 /* SplashVC.swift */,
			);
			path = SplashScreen;
			sourceTree = "<group>";
		};
		74B2FC4B28FDEE9F00A55BB7 /* Service */ = {
			isa = PBXGroup;
			children = (
				7413CCF928FE91D200E899B1 /* Managers */,
				7413CCFA28FE91DF00E899B1 /* Enums */,
				7413CD0128FEB6BC00E899B1 /* Model */,
			);
			path = Service;
			sourceTree = "<group>";
		};
		74B2FC4C28FDEEB000A55BB7 /* Extensions */ = {
			isa = PBXGroup;
			children = (
				74B2FC4228FDB8A300A55BB7 /* UIViewController+Extension.swift */,
				74B2FC5B28FDEFE900A55BB7 /* String+Extension.swift */,
				7413CCFF28FEB09D00E899B1 /* Int+Extension.swift */,
			);
			path = Extensions;
			sourceTree = "<group>";
		};
		74B2FC4D28FDEEB800A55BB7 /* Utilities */ = {
			isa = PBXGroup;
			children = (
				74B2FC4F28FDEF0000A55BB7 /* Strings */,
				74B2FC4C28FDEEB000A55BB7 /* Extensions */,
				74B2FC4E28FDEEE300A55BB7 /* Helpers */,
			);
			path = Utilities;
			sourceTree = "<group>";
		};
		74B2FC4E28FDEEE300A55BB7 /* Helpers */ = {
			isa = PBXGroup;
			children = (
				74B2FC4028FDA9B100A55BB7 /* NetworkMonitor.swift */,
			);
			path = Helpers;
			sourceTree = "<group>";
		};
		74B2FC4F28FDEF0000A55BB7 /* Strings */ = {
			isa = PBXGroup;
			children = (
				74B2FC5028FDEF1500A55BB7 /* Constants.swift */,
				74B2FC5628FDEF2A00A55BB7 /* Localizable.strings */,
			);
			path = Strings;
			sourceTree = "<group>";
		};
		74B2FC5D28FDF1BB00A55BB7 /* SearchVC */ = {
			isa = PBXGroup;
			children = (
				74B2FC5E28FDF1CE00A55BB7 /* SearchVC.swift */,
			);
			path = SearchVC;
			sourceTree = "<group>";
		};
/* End PBXGroup section */

/* Begin PBXNativeTarget section */
		74B2FC0F28FD895100A55BB7 /* MovieApp */ = {
			isa = PBXNativeTarget;
			buildConfigurationList = 74B2FC2428FD895300A55BB7 /* Build configuration list for PBXNativeTarget "MovieApp" */;
			buildPhases = (
				74B2FC0C28FD895100A55BB7 /* Sources */,
				74B2FC0D28FD895100A55BB7 /* Frameworks */,
				74B2FC0E28FD895100A55BB7 /* Resources */,
			);
			buildRules = (
			);
			dependencies = (
			);
			name = MovieApp;
			packageProductDependencies = (
				74B2FC3228FD91EB00A55BB7 /* FirebaseAnalytics */,
				74B2FC3428FD91EB00A55BB7 /* FirebaseCrashlytics */,
				74B2FC3628FD91EB00A55BB7 /* FirebaseRemoteConfig */,
				74B2FC3828FD91EB00A55BB7 /* FirebaseRemoteConfigSwift */,
			);
			productName = MovieApp;
			productReference = 74B2FC1028FD895100A55BB7 /* MovieApp.app */;
			productType = "com.apple.product-type.application";
		};
/* End PBXNativeTarget section */

/* Begin PBXProject section */
		74B2FC0828FD895100A55BB7 /* Project object */ = {
			isa = PBXProject;
			attributes = {
				BuildIndependentTargetsInParallel = 1;
				LastSwiftUpdateCheck = 1400;
				LastUpgradeCheck = 1400;
				TargetAttributes = {
					74B2FC0F28FD895100A55BB7 = {
						CreatedOnToolsVersion = 14.0.1;
					};
				};
			};
			buildConfigurationList = 74B2FC0B28FD895100A55BB7 /* Build configuration list for PBXProject "MovieApp" */;
			compatibilityVersion = "Xcode 14.0";
			developmentRegion = en;
			hasScannedForEncodings = 0;
			knownRegions = (
				en,
				Base,
				tr,
			);
			mainGroup = 74B2FC0728FD895100A55BB7;
			packageReferences = (
				74B2FC3128FD91EB00A55BB7 /* XCRemoteSwiftPackageReference "firebase-ios-sdk" */,
			);
			productRefGroup = 74B2FC1128FD895100A55BB7 /* Products */;
			projectDirPath = "";
			projectRoot = "";
			targets = (
				74B2FC0F28FD895100A55BB7 /* MovieApp */,
			);
		};
/* End PBXProject section */

/* Begin PBXResourcesBuildPhase section */
		74B2FC0E28FD895100A55BB7 /* Resources */ = {
			isa = PBXResourcesBuildPhase;
			buildActionMask = 2147483647;
			files = (
				74B2FC1D28FD895300A55BB7 /* Assets.xcassets in Resources */,
				74B2FC5728FDEF3900A55BB7 /* Localizable.strings in Resources */,
				74B2FC3028FD8FB800A55BB7 /* GoogleService-Info.plist in Resources */,
			);
			runOnlyForDeploymentPostprocessing = 0;
		};
/* End PBXResourcesBuildPhase section */

/* Begin PBXSourcesBuildPhase section */
		74B2FC0C28FD895100A55BB7 /* Sources */ = {
			isa = PBXSourcesBuildPhase;
			buildActionMask = 2147483647;
			files = (
				74B2FC4128FDA9B100A55BB7 /* NetworkMonitor.swift in Sources */,
				747DB2A02900173D002E658B /* MASearchBar.swift in Sources */,
				7413CD0528FEC66800E899B1 /* MovieDetailModel.swift in Sources */,
				74B2FC5C28FDEFE900A55BB7 /* String+Extension.swift in Sources */,
				7413CD0028FEB09D00E899B1 /* Int+Extension.swift in Sources */,
				7413CCF628FE8A0100E899B1 /* NetworkManager.swift in Sources */,
				7413CCF828FE8B2E00E899B1 /* MAErrorType.swift in Sources */,
				74B2FC6328FDF69800A55BB7 /* MAButton.swift in Sources */,
				7413CD0728FECE1E00E899B1 /* MovieModel.swift in Sources */,
				7413CD0928FECE8800E899B1 /* FirebaseManager.swift in Sources */,
				74B2FC3D28FD9AA500A55BB7 /* MATitleLabel.swift in Sources */,
				7413CCFC28FEA37300E899B1 /* OMDbEndpoint.swift in Sources */,
				74B2FC2E28FD8D5A00A55BB7 /* SplashVC.swift in Sources */,
				74B2FC4328FDB8A300A55BB7 /* UIViewController+Extension.swift in Sources */,
				74B2FC5F28FDF1CE00A55BB7 /* SearchVC.swift in Sources */,
				7413CCFE28FEAE6300E899B1 /* MovieResultModel.swift in Sources */,
				74B2FC1428FD895100A55BB7 /* AppDelegate.swift in Sources */,
				74B2FC1628FD895100A55BB7 /* SceneDelegate.swift in Sources */,
				74B2FC5128FDEF1500A55BB7 /* Constants.swift in Sources */,
			);
			runOnlyForDeploymentPostprocessing = 0;
		};
/* End PBXSourcesBuildPhase section */

/* Begin PBXVariantGroup section */
		74B2FC5628FDEF2A00A55BB7 /* Localizable.strings */ = {
			isa = PBXVariantGroup;
			children = (
				74B2FC5528FDEF2A00A55BB7 /* en */,
				74B2FC5A28FDEF6500A55BB7 /* tr */,
			);
			name = Localizable.strings;
			sourceTree = "<group>";
		};
/* End PBXVariantGroup section */

/* Begin XCBuildConfiguration section */
		74B2FC2228FD895300A55BB7 /* Debug */ = {
			isa = XCBuildConfiguration;
			buildSettings = {
				ALWAYS_SEARCH_USER_PATHS = NO;
				CLANG_ANALYZER_LOCALIZABILITY_NONLOCALIZED = YES;
				CLANG_ANALYZER_NONNULL = YES;
				CLANG_ANALYZER_NUMBER_OBJECT_CONVERSION = YES_AGGRESSIVE;
				CLANG_CXX_LANGUAGE_STANDARD = "gnu++20";
				CLANG_ENABLE_MODULES = YES;
				CLANG_ENABLE_OBJC_ARC = YES;
				CLANG_ENABLE_OBJC_WEAK = YES;
				CLANG_WARN_BLOCK_CAPTURE_AUTORELEASING = YES;
				CLANG_WARN_BOOL_CONVERSION = YES;
				CLANG_WARN_COMMA = YES;
				CLANG_WARN_CONSTANT_CONVERSION = YES;
				CLANG_WARN_DEPRECATED_OBJC_IMPLEMENTATIONS = YES;
				CLANG_WARN_DIRECT_OBJC_ISA_USAGE = YES_ERROR;
				CLANG_WARN_DOCUMENTATION_COMMENTS = YES;
				CLANG_WARN_EMPTY_BODY = YES;
				CLANG_WARN_ENUM_CONVERSION = YES;
				CLANG_WARN_INFINITE_RECURSION = YES;
				CLANG_WARN_INT_CONVERSION = YES;
				CLANG_WARN_NON_LITERAL_NULL_CONVERSION = YES;
				CLANG_WARN_OBJC_IMPLICIT_RETAIN_SELF = YES;
				CLANG_WARN_OBJC_LITERAL_CONVERSION = YES;
				CLANG_WARN_OBJC_ROOT_CLASS = YES_ERROR;
				CLANG_WARN_QUOTED_INCLUDE_IN_FRAMEWORK_HEADER = YES;
				CLANG_WARN_RANGE_LOOP_ANALYSIS = YES;
				CLANG_WARN_STRICT_PROTOTYPES = YES;
				CLANG_WARN_SUSPICIOUS_MOVE = YES;
				CLANG_WARN_UNGUARDED_AVAILABILITY = YES_AGGRESSIVE;
				CLANG_WARN_UNREACHABLE_CODE = YES;
				CLANG_WARN__DUPLICATE_METHOD_MATCH = YES;
				COPY_PHASE_STRIP = NO;
				DEBUG_INFORMATION_FORMAT = dwarf;
				ENABLE_STRICT_OBJC_MSGSEND = YES;
				ENABLE_TESTABILITY = YES;
				GCC_C_LANGUAGE_STANDARD = gnu11;
				GCC_DYNAMIC_NO_PIC = NO;
				GCC_NO_COMMON_BLOCKS = YES;
				GCC_OPTIMIZATION_LEVEL = 0;
				GCC_PREPROCESSOR_DEFINITIONS = (
					"DEBUG=1",
					"$(inherited)",
				);
				GCC_WARN_64_TO_32_BIT_CONVERSION = YES;
				GCC_WARN_ABOUT_RETURN_TYPE = YES_ERROR;
				GCC_WARN_UNDECLARED_SELECTOR = YES;
				GCC_WARN_UNINITIALIZED_AUTOS = YES_AGGRESSIVE;
				GCC_WARN_UNUSED_FUNCTION = YES;
				GCC_WARN_UNUSED_VARIABLE = YES;
				IPHONEOS_DEPLOYMENT_TARGET = 16.0;
				MTL_ENABLE_DEBUG_INFO = INCLUDE_SOURCE;
				MTL_FAST_MATH = YES;
				ONLY_ACTIVE_ARCH = YES;
				SDKROOT = iphoneos;
				SWIFT_ACTIVE_COMPILATION_CONDITIONS = DEBUG;
				SWIFT_OPTIMIZATION_LEVEL = "-Onone";
			};
			name = Debug;
		};
		74B2FC2328FD895300A55BB7 /* Release */ = {
			isa = XCBuildConfiguration;
			buildSettings = {
				ALWAYS_SEARCH_USER_PATHS = NO;
				CLANG_ANALYZER_LOCALIZABILITY_NONLOCALIZED = YES;
				CLANG_ANALYZER_NONNULL = YES;
				CLANG_ANALYZER_NUMBER_OBJECT_CONVERSION = YES_AGGRESSIVE;
				CLANG_CXX_LANGUAGE_STANDARD = "gnu++20";
				CLANG_ENABLE_MODULES = YES;
				CLANG_ENABLE_OBJC_ARC = YES;
				CLANG_ENABLE_OBJC_WEAK = YES;
				CLANG_WARN_BLOCK_CAPTURE_AUTORELEASING = YES;
				CLANG_WARN_BOOL_CONVERSION = YES;
				CLANG_WARN_COMMA = YES;
				CLANG_WARN_CONSTANT_CONVERSION = YES;
				CLANG_WARN_DEPRECATED_OBJC_IMPLEMENTATIONS = YES;
				CLANG_WARN_DIRECT_OBJC_ISA_USAGE = YES_ERROR;
				CLANG_WARN_DOCUMENTATION_COMMENTS = YES;
				CLANG_WARN_EMPTY_BODY = YES;
				CLANG_WARN_ENUM_CONVERSION = YES;
				CLANG_WARN_INFINITE_RECURSION = YES;
				CLANG_WARN_INT_CONVERSION = YES;
				CLANG_WARN_NON_LITERAL_NULL_CONVERSION = YES;
				CLANG_WARN_OBJC_IMPLICIT_RETAIN_SELF = YES;
				CLANG_WARN_OBJC_LITERAL_CONVERSION = YES;
				CLANG_WARN_OBJC_ROOT_CLASS = YES_ERROR;
				CLANG_WARN_QUOTED_INCLUDE_IN_FRAMEWORK_HEADER = YES;
				CLANG_WARN_RANGE_LOOP_ANALYSIS = YES;
				CLANG_WARN_STRICT_PROTOTYPES = YES;
				CLANG_WARN_SUSPICIOUS_MOVE = YES;
				CLANG_WARN_UNGUARDED_AVAILABILITY = YES_AGGRESSIVE;
				CLANG_WARN_UNREACHABLE_CODE = YES;
				CLANG_WARN__DUPLICATE_METHOD_MATCH = YES;
				COPY_PHASE_STRIP = NO;
				DEBUG_INFORMATION_FORMAT = "dwarf-with-dsym";
				ENABLE_NS_ASSERTIONS = NO;
				ENABLE_STRICT_OBJC_MSGSEND = YES;
				GCC_C_LANGUAGE_STANDARD = gnu11;
				GCC_NO_COMMON_BLOCKS = YES;
				GCC_WARN_64_TO_32_BIT_CONVERSION = YES;
				GCC_WARN_ABOUT_RETURN_TYPE = YES_ERROR;
				GCC_WARN_UNDECLARED_SELECTOR = YES;
				GCC_WARN_UNINITIALIZED_AUTOS = YES_AGGRESSIVE;
				GCC_WARN_UNUSED_FUNCTION = YES;
				GCC_WARN_UNUSED_VARIABLE = YES;
				IPHONEOS_DEPLOYMENT_TARGET = 16.0;
				MTL_ENABLE_DEBUG_INFO = NO;
				MTL_FAST_MATH = YES;
				SDKROOT = iphoneos;
				SWIFT_COMPILATION_MODE = wholemodule;
				SWIFT_OPTIMIZATION_LEVEL = "-O";
				VALIDATE_PRODUCT = YES;
			};
			name = Release;
		};
		74B2FC2528FD895300A55BB7 /* Debug */ = {
			isa = XCBuildConfiguration;
			buildSettings = {
				ASSETCATALOG_COMPILER_APPICON_NAME = AppIcon;
				ASSETCATALOG_COMPILER_GLOBAL_ACCENT_COLOR_NAME = AccentColor;
				CODE_SIGN_STYLE = Automatic;
				CURRENT_PROJECT_VERSION = 1;
				DEVELOPMENT_TEAM = 577CY7M88N;
				GENERATE_INFOPLIST_FILE = YES;
				INFOPLIST_FILE = MovieApp/Info.plist;
				INFOPLIST_KEY_UIApplicationSupportsIndirectInputEvents = YES;
				INFOPLIST_KEY_UILaunchStoryboardName = LaunchScreen;
				INFOPLIST_KEY_UIMainStoryboardFile = "";
				INFOPLIST_KEY_UISupportedInterfaceOrientations = UIInterfaceOrientationPortrait;
				INFOPLIST_KEY_UISupportedInterfaceOrientations_iPad = "UIInterfaceOrientationLandscapeLeft UIInterfaceOrientationLandscapeRight UIInterfaceOrientationPortrait UIInterfaceOrientationPortraitUpsideDown";
				LD_RUNPATH_SEARCH_PATHS = (
					"$(inherited)",
					"@executable_path/Frameworks",
				);
				MARKETING_VERSION = 1.0;
				PRODUCT_BUNDLE_IDENTIFIER = com.hasanalisiseci.MovieApp;
				PRODUCT_NAME = "$(TARGET_NAME)";
				SUPPORTED_PLATFORMS = "iphoneos iphonesimulator";
				SUPPORTS_MACCATALYST = NO;
				SUPPORTS_MAC_DESIGNED_FOR_IPHONE_IPAD = NO;
				SWIFT_EMIT_LOC_STRINGS = YES;
				SWIFT_VERSION = 5.0;
				TARGETED_DEVICE_FAMILY = 1;
			};
			name = Debug;
		};
		74B2FC2628FD895300A55BB7 /* Release */ = {
			isa = XCBuildConfiguration;
			buildSettings = {
				ASSETCATALOG_COMPILER_APPICON_NAME = AppIcon;
				ASSETCATALOG_COMPILER_GLOBAL_ACCENT_COLOR_NAME = AccentColor;
				CODE_SIGN_STYLE = Automatic;
				CURRENT_PROJECT_VERSION = 1;
				DEVELOPMENT_TEAM = 577CY7M88N;
				GENERATE_INFOPLIST_FILE = YES;
				INFOPLIST_FILE = MovieApp/Info.plist;
				INFOPLIST_KEY_UIApplicationSupportsIndirectInputEvents = YES;
				INFOPLIST_KEY_UILaunchStoryboardName = LaunchScreen;
				INFOPLIST_KEY_UIMainStoryboardFile = "";
				INFOPLIST_KEY_UISupportedInterfaceOrientations = UIInterfaceOrientationPortrait;
				INFOPLIST_KEY_UISupportedInterfaceOrientations_iPad = "UIInterfaceOrientationLandscapeLeft UIInterfaceOrientationLandscapeRight UIInterfaceOrientationPortrait UIInterfaceOrientationPortraitUpsideDown";
				LD_RUNPATH_SEARCH_PATHS = (
					"$(inherited)",
					"@executable_path/Frameworks",
				);
				MARKETING_VERSION = 1.0;
				PRODUCT_BUNDLE_IDENTIFIER = com.hasanalisiseci.MovieApp;
				PRODUCT_NAME = "$(TARGET_NAME)";
				SUPPORTED_PLATFORMS = "iphoneos iphonesimulator";
				SUPPORTS_MACCATALYST = NO;
				SUPPORTS_MAC_DESIGNED_FOR_IPHONE_IPAD = NO;
				SWIFT_EMIT_LOC_STRINGS = YES;
				SWIFT_VERSION = 5.0;
				TARGETED_DEVICE_FAMILY = 1;
			};
			name = Release;
		};
/* End XCBuildConfiguration section */

/* Begin XCConfigurationList section */
		74B2FC0B28FD895100A55BB7 /* Build configuration list for PBXProject "MovieApp" */ = {
			isa = XCConfigurationList;
			buildConfigurations = (
				74B2FC2228FD895300A55BB7 /* Debug */,
				74B2FC2328FD895300A55BB7 /* Release */,
			);
			defaultConfigurationIsVisible = 0;
			defaultConfigurationName = Release;
		};
		74B2FC2428FD895300A55BB7 /* Build configuration list for PBXNativeTarget "MovieApp" */ = {
			isa = XCConfigurationList;
			buildConfigurations = (
				74B2FC2528FD895300A55BB7 /* Debug */,
				74B2FC2628FD895300A55BB7 /* Release */,
			);
			defaultConfigurationIsVisible = 0;
			defaultConfigurationName = Release;
		};
/* End XCConfigurationList section */

/* Begin XCRemoteSwiftPackageReference section */
		74B2FC3128FD91EB00A55BB7 /* XCRemoteSwiftPackageReference "firebase-ios-sdk" */ = {
			isa = XCRemoteSwiftPackageReference;
			repositoryURL = "https://github.com/firebase/firebase-ios-sdk";
			requirement = {
				branch = master;
				kind = branch;
			};
		};
/* End XCRemoteSwiftPackageReference section */

/* Begin XCSwiftPackageProductDependency section */
		74B2FC3228FD91EB00A55BB7 /* FirebaseAnalytics */ = {
			isa = XCSwiftPackageProductDependency;
			package = 74B2FC3128FD91EB00A55BB7 /* XCRemoteSwiftPackageReference "firebase-ios-sdk" */;
			productName = FirebaseAnalytics;
		};
		74B2FC3428FD91EB00A55BB7 /* FirebaseCrashlytics */ = {
			isa = XCSwiftPackageProductDependency;
			package = 74B2FC3128FD91EB00A55BB7 /* XCRemoteSwiftPackageReference "firebase-ios-sdk" */;
			productName = FirebaseCrashlytics;
		};
		74B2FC3628FD91EB00A55BB7 /* FirebaseRemoteConfig */ = {
			isa = XCSwiftPackageProductDependency;
			package = 74B2FC3128FD91EB00A55BB7 /* XCRemoteSwiftPackageReference "firebase-ios-sdk" */;
			productName = FirebaseRemoteConfig;
		};
		74B2FC3828FD91EB00A55BB7 /* FirebaseRemoteConfigSwift */ = {
			isa = XCSwiftPackageProductDependency;
			package = 74B2FC3128FD91EB00A55BB7 /* XCRemoteSwiftPackageReference "firebase-ios-sdk" */;
			productName = FirebaseRemoteConfigSwift;
		};
/* End XCSwiftPackageProductDependency section */
	};
	rootObject = 74B2FC0828FD895100A55BB7 /* Project object */;
}
